
Microsoft Visual Studio Solution File, Format Version 12.00
# Visual Studio 14
VisualStudioVersion = 14.0.25420.1
MinimumVisualStudioVersion = 10.0.40219.1
Project("{FAE04EC0-301F-11D3-BF4B-00C04F79EFBC}") = "turizm", "turizm\turizm.csproj", "{873B32C7-FC72-4546-A090-CB519D11FF1B}"
EndProject
Global
	GlobalSection(SolutionConfigurationPlatforms) = preSolution
		Debug|Any CPU = Debug|Any CPU
		Release|Any CPU = Release|Any CPU
	EndGlobalSection
	GlobalSection(ProjectConfigurationPlatforms) = postSolution
		{873B32C7-FC72-4546-A090-CB519D11FF1B}.Debug|Any CPU.ActiveCfg = Debug|Any CPU
		{873B32C7-FC72-4546-A090-CB519D11FF1B}.Debug|Any CPU.Build.0 = Debug|Any CPU
		{873B32C7-FC72-4546-A090-CB519D11FF1B}.Release|Any CPU.ActiveCfg = Release|Any CPU
		{873B32C7-FC72-4546-A090-CB519D11FF1B}.Release|Any CPU.Build.0 = Release|Any CPU
	EndGlobalSection
	GlobalSection(SolutionProperties) = preSolution
		HideSolutionNode = FALSE
	EndGlobalSection
EndGlobal
